
Microsoft Visual Studio Solution File, Format Version 12.00
# Visual Studio Version 17
VisualStudioVersion = 17.14.36414.22
MinimumVisualStudioVersion = 10.0.40219.1
Project("{FAE04EC0-301F-11D3-BF4B-00C04F79EFBC}") = "Lesson27", "Lesson27.csproj", "{EB5A59DB-9474-4C18-B607-394E8F35ED45}"
EndProject
Global
	GlobalSection(SolutionConfigurationPlatforms) = preSolution
		Debug|Any CPU = Debug|Any CPU
		Release|Any CPU = Release|Any CPU
	EndGlobalSection
	GlobalSection(ProjectConfigurationPlatforms) = postSolution
		{EB5A59DB-9474-4C18-B607-394E8F35ED45}.Debug|Any CPU.ActiveCfg = Debug|Any CPU
		{EB5A59DB-9474-4C18-B607-394E8F35ED45}.Debug|Any CPU.Build.0 = Debug|Any CPU
		{EB5A59DB-9474-4C18-B607-394E8F35ED45}.Release|Any CPU.ActiveCfg = Release|Any CPU
		{EB5A59DB-9474-4C18-B607-394E8F35ED45}.Release|Any CPU.Build.0 = Release|Any CPU
	EndGlobalSection
	GlobalSection(SolutionProperties) = preSolution
		HideSolutionNode = FALSE
	EndGlobalSection
	GlobalSection(ExtensibilityGlobals) = postSolution
		SolutionGuid = {0AA3A671-24A2-4F46-A541-C9647BC1EB6C}
	EndGlobalSection
EndGlobal
